// !$*UTF8*$!
{
	archiveVersion = 1;
	classes = {
	};
	objectVersion = 77;
	objects = {

/* Begin PBXBuildFile section */
		39A70EA6E5BBF9192FBE9D9B /* ContentView.swift in Sources */ = {isa = PBXBuildFile; fileRef = 80F88CE852277AA6FA23491B /* ContentView.swift */; };
		4D17A35D3271946F2FA8F6BC /* DaraeVoiceApp.swift in Sources */ = {isa = PBXBuildFile; fileRef = 46319BB848A66A0404CA4E40 /* DaraeVoiceApp.swift */; };
		70EA4B65617DBA69EE1FDC4E /* ReportClient.swift in Sources */ = {isa = PBXBuildFile; fileRef = DA8A628AB37B7DB2039E4354 /* ReportClient.swift */; };
		8E540343859897D14F4E1ED3 /* TTS.swift in Sources */ = {isa = PBXBuildFile; fileRef = 0E1416F1A2316F54CC2C5228 /* TTS.swift */; };
		976B0ADC9C38E122A002F68E /* SpeechRecognizer.swift in Sources */ = {isa = PBXBuildFile; fileRef = 16997D768E3B947B63B4C1D2 /* SpeechRecognizer.swift */; };
		9DB32AEDD2B9A96844C9E987 /* IntentRouter.swift in Sources */ = {isa = PBXBuildFile; fileRef = 4E9BE276E86F94878335BE6C /* IntentRouter.swift */; };
/* End PBXBuildFile section */

/* Begin PBXFileReference section */
		0E1416F1A2316F54CC2C5228 /* TTS.swift */ = {isa = PBXFileReference; lastKnownFileType = sourcecode.swift; path = TTS.swift; sourceTree = "<group>"; };
		16997D768E3B947B63B4C1D2 /* SpeechRecognizer.swift */ = {isa = PBXFileReference; lastKnownFileType = sourcecode.swift; path = SpeechRecognizer.swift; sourceTree = "<group>"; };
		46319BB848A66A0404CA4E40 /* DaraeVoiceApp.swift */ = {isa = PBXFileReference; lastKnownFileType = sourcecode.swift; path = DaraeVoiceApp.swift; sourceTree = "<group>"; };
		4E9BE276E86F94878335BE6C /* IntentRouter.swift */ = {isa = PBXFileReference; lastKnownFileType = sourcecode.swift; path = IntentRouter.swift; sourceTree = "<group>"; };
		80F88CE852277AA6FA23491B /* ContentView.swift */ = {isa = PBXFileReference; lastKnownFileType = sourcecode.swift; path = ContentView.swift; sourceTree = "<group>"; };
		971022AB842C1CEB98A9F9CC /* Info.plist */ = {isa = PBXFileReference; lastKnownFileType = text.plist; path = Info.plist; sourceTree = "<group>"; };
		DA8A628AB37B7DB2039E4354 /* ReportClient.swift */ = {isa = PBXFileReference; lastKnownFileType = sourcecode.swift; path = ReportClient.swift; sourceTree = "<group>"; };
		DDFBFF25713F594D8B80DF20 /* DaraeVoice.app */ = {isa = PBXFileReference; includeInIndex = 0; lastKnownFileType = wrapper.application; path = DaraeVoice.app; sourceTree = BUILT_PRODUCTS_DIR; };
/* End PBXFileReference section */

/* Begin PBXGroup section */
		13E887AE97B3677D35A40A29 /* DaraeVoice */ = {
			isa = PBXGroup;
			children = (
				80F88CE852277AA6FA23491B /* ContentView.swift */,
				46319BB848A66A0404CA4E40 /* DaraeVoiceApp.swift */,
				971022AB842C1CEB98A9F9CC /* Info.plist */,
				4E9BE276E86F94878335BE6C /* IntentRouter.swift */,
				DA8A628AB37B7DB2039E4354 /* ReportClient.swift */,
				16997D768E3B947B63B4C1D2 /* SpeechRecognizer.swift */,
				0E1416F1A2316F54CC2C5228 /* TTS.swift */,
			);
			path = DaraeVoice;
			sourceTree = "<group>";
		};
		40EE1ED15FB337F7F698891B /* Products */ = {
			isa = PBXGroup;
			children = (
				DDFBFF25713F594D8B80DF20 /* DaraeVoice.app */,
			);
			name = Products;
			sourceTree = "<group>";
		};
		652A3DE2BD15FF834943F9B5 = {
			isa = PBXGroup;
			children = (
				13E887AE97B3677D35A40A29 /* DaraeVoice */,
				40EE1ED15FB337F7F698891B /* Products */,
			);
			sourceTree = "<group>";
		};
/* End PBXGroup section */

/* Begin PBXNativeTarget section */
		B0A3B6D18442DF67702DAAA4 /* DaraeVoice */ = {
			isa = PBXNativeTarget;
			buildConfigurationList = 807E35BD2BFEC77EDE82E4E7 /* Build configuration list for PBXNativeTarget "DaraeVoice" */;
			buildPhases = (
				60F1BC1605DDC2866A2FD967 /* Sources */,
			);
			buildRules = (
			);
			dependencies = (
			);
			name = DaraeVoice;
			packageProductDependencies = (
			);
			productName = DaraeVoice;
			productReference = DDFBFF25713F594D8B80DF20 /* DaraeVoice.app */;
			productType = "com.apple.product-type.application";
		};
/* End PBXNativeTarget section */

/* Begin PBXProject section */
		F596F1B2DF8DAB79EAC4FB09 /* Project object */ = {
			isa = PBXProject;
			attributes = {
				BuildIndependentTargetsInParallel = YES;
				LastUpgradeCheck = 1430;
			};
			buildConfigurationList = BD750B07D779AE3A61DC9D4E /* Build configuration list for PBXProject "DaraeVoice" */;
			compatibilityVersion = "Xcode 14.0";
			developmentRegion = ko;
			hasScannedForEncodings = 0;
			knownRegions = (
				Base,
				ko,
			);
			mainGroup = 652A3DE2BD15FF834943F9B5;
			minimizedProjectReferenceProxies = 1;
			preferredProjectObjectVersion = 77;
			projectDirPath = "";
			projectRoot = "";
			targets = (
				B0A3B6D18442DF67702DAAA4 /* DaraeVoice */,
			);
		};
/* End PBXProject section */

/* Begin PBXSourcesBuildPhase section */
		60F1BC1605DDC2866A2FD967 /* Sources */ = {
			isa = PBXSourcesBuildPhase;
			buildActionMask = 2147483647;
			files = (
				39A70EA6E5BBF9192FBE9D9B /* ContentView.swift in Sources */,
				4D17A35D3271946F2FA8F6BC /* DaraeVoiceApp.swift in Sources */,
				9DB32AEDD2B9A96844C9E987 /* IntentRouter.swift in Sources */,
				70EA4B65617DBA69EE1FDC4E /* ReportClient.swift in Sources */,
				976B0ADC9C38E122A002F68E /* SpeechRecognizer.swift in Sources */,
				8E540343859897D14F4E1ED3 /* TTS.swift in Sources */,
			);
			runOnlyForDeploymentPostprocessing = 0;
		};
/* End PBXSourcesBuildPhase section */

/* Begin XCBuildConfiguration section */
		150E059D9BD441175F74C5C7 /* Release */ = {
			isa = XCBuildConfiguration;
			buildSettings = {
				ALWAYS_SEARCH_USER_PATHS = NO;
				CLANG_ANALYZER_NONNULL = YES;
				CLANG_ANALYZER_NUMBER_OBJECT_CONVERSION = YES_AGGRESSIVE;
				CLANG_CXX_LANGUAGE_STANDARD = "gnu++14";
				CLANG_CXX_LIBRARY = "libc++";
				CLANG_ENABLE_MODULES = YES;
				CLANG_ENABLE_OBJC_ARC = YES;
				CLANG_ENABLE_OBJC_WEAK = YES;
				CLANG_WARN_BLOCK_CAPTURE_AUTORELEASING = YES;
				CLANG_WARN_BOOL_CONVERSION = YES;
				CLANG_WARN_COMMA = YES;
				CLANG_WARN_CONSTANT_CONVERSION = YES;
				CLANG_WARN_DEPRECATED_OBJC_IMPLEMENTATIONS = YES;
				CLANG_WARN_DIRECT_OBJC_ISA_USAGE = YES_ERROR;
				CLANG_WARN_DOCUMENTATION_COMMENTS = YES;
				CLANG_WARN_EMPTY_BODY = YES;
				CLANG_WARN_ENUM_CONVERSION = YES;
				CLANG_WARN_INFINITE_RECURSION = YES;
				CLANG_WARN_INT_CONVERSION = YES;
				CLANG_WARN_NON_LITERAL_NULL_CONVERSION = YES;
				CLANG_WARN_OBJC_IMPLICIT_RETAIN_SELF = YES;
				CLANG_WARN_OBJC_LITERAL_CONVERSION = YES;
				CLANG_WARN_OBJC_ROOT_CLASS = YES_ERROR;
				CLANG_WARN_QUOTED_INCLUDE_IN_FRAMEWORK_HEADER = YES;
				CLANG_WARN_RANGE_LOOP_ANALYSIS = YES;
				CLANG_WARN_STRICT_PROTOTYPES = YES;
				CLANG_WARN_SUSPICIOUS_MOVE = YES;
				CLANG_WARN_UNGUARDED_AVAILABILITY = YES_AGGRESSIVE;
				CLANG_WARN_UNREACHABLE_CODE = YES;
				CLANG_WARN__DUPLICATE_METHOD_MATCH = YES;
				COPY_PHASE_STRIP = NO;
				DEBUG_INFORMATION_FORMAT = "dwarf-with-dsym";
				ENABLE_NS_ASSERTIONS = NO;
				ENABLE_STRICT_OBJC_MSGSEND = YES;
				GCC_C_LANGUAGE_STANDARD = gnu11;
				GCC_NO_COMMON_BLOCKS = YES;
				GCC_WARN_64_TO_32_BIT_CONVERSION = YES;
				GCC_WARN_ABOUT_RETURN_TYPE = YES_ERROR;
				GCC_WARN_UNDECLARED_SELECTOR = YES;
				GCC_WARN_UNINITIALIZED_AUTOS = YES_AGGRESSIVE;
				GCC_WARN_UNUSED_FUNCTION = YES;
				GCC_WARN_UNUSED_VARIABLE = YES;
				IPHONEOS_DEPLOYMENT_TARGET = 16.0;
				MTL_ENABLE_DEBUG_INFO = NO;
				MTL_FAST_MATH = YES;
				PRODUCT_BUNDLE_IDENTIFIER = com.soonhak.DaraeVoice;
				PRODUCT_NAME = "$(TARGET_NAME)";
				SDKROOT = iphoneos;
				SWIFT_COMPILATION_MODE = wholemodule;
				SWIFT_OPTIMIZATION_LEVEL = "-O";
				SWIFT_VERSION = 5.0;
			};
			name = Release;
		};
		74872CC8310744C1B5AEF452 /* Debug */ = {
			isa = XCBuildConfiguration;
			buildSettings = {
				ALWAYS_SEARCH_USER_PATHS = NO;
				CLANG_ANALYZER_NONNULL = YES;
				CLANG_ANALYZER_NUMBER_OBJECT_CONVERSION = YES_AGGRESSIVE;
				CLANG_CXX_LANGUAGE_STANDARD = "gnu++14";
				CLANG_CXX_LIBRARY = "libc++";
				CLANG_ENABLE_MODULES = YES;
				CLANG_ENABLE_OBJC_ARC = YES;
				CLANG_ENABLE_OBJC_WEAK = YES;
				CLANG_WARN_BLOCK_CAPTURE_AUTORELEASING = YES;
				CLANG_WARN_BOOL_CONVERSION = YES;
				CLANG_WARN_COMMA = YES;
				CLANG_WARN_CONSTANT_CONVERSION = YES;
				CLANG_WARN_DEPRECATED_OBJC_IMPLEMENTATIONS = YES;
				CLANG_WARN_DIRECT_OBJC_ISA_USAGE = YES_ERROR;
				CLANG_WARN_DOCUMENTATION_COMMENTS = YES;
				CLANG_WARN_EMPTY_BODY = YES;
				CLANG_WARN_ENUM_CONVERSION = YES;
				CLANG_WARN_INFINITE_RECURSION = YES;
				CLANG_WARN_INT_CONVERSION = YES;
				CLANG_WARN_NON_LITERAL_NULL_CONVERSION = YES;
				CLANG_WARN_OBJC_IMPLICIT_RETAIN_SELF = YES;
				CLANG_WARN_OBJC_LITERAL_CONVERSION = YES;
				CLANG_WARN_OBJC_ROOT_CLASS = YES_ERROR;
				CLANG_WARN_QUOTED_INCLUDE_IN_FRAMEWORK_HEADER = YES;
				CLANG_WARN_RANGE_LOOP_ANALYSIS = YES;
				CLANG_WARN_STRICT_PROTOTYPES = YES;
				CLANG_WARN_SUSPICIOUS_MOVE = YES;
				CLANG_WARN_UNGUARDED_AVAILABILITY = YES_AGGRESSIVE;
				CLANG_WARN_UNREACHABLE_CODE = YES;
				CLANG_WARN__DUPLICATE_METHOD_MATCH = YES;
				COPY_PHASE_STRIP = NO;
				DEBUG_INFORMATION_FORMAT = dwarf;
				ENABLE_STRICT_OBJC_MSGSEND = YES;
				ENABLE_TESTABILITY = YES;
				GCC_C_LANGUAGE_STANDARD = gnu11;
				GCC_DYNAMIC_NO_PIC = NO;
				GCC_NO_COMMON_BLOCKS = YES;
				GCC_OPTIMIZATION_LEVEL = 0;
				GCC_PREPROCESSOR_DEFINITIONS = (
					"$(inherited)",
					"DEBUG=1",
				);
				GCC_WARN_64_TO_32_BIT_CONVERSION = YES;
				GCC_WARN_ABOUT_RETURN_TYPE = YES_ERROR;
				GCC_WARN_UNDECLARED_SELECTOR = YES;
				GCC_WARN_UNINITIALIZED_AUTOS = YES_AGGRESSIVE;
				GCC_WARN_UNUSED_FUNCTION = YES;
				GCC_WARN_UNUSED_VARIABLE = YES;
				IPHONEOS_DEPLOYMENT_TARGET = 16.0;
				MTL_ENABLE_DEBUG_INFO = INCLUDE_SOURCE;
				MTL_FAST_MATH = YES;
				ONLY_ACTIVE_ARCH = YES;
				PRODUCT_BUNDLE_IDENTIFIER = com.soonhak.DaraeVoice;
				PRODUCT_NAME = "$(TARGET_NAME)";
				SDKROOT = iphoneos;
				SWIFT_ACTIVE_COMPILATION_CONDITIONS = DEBUG;
				SWIFT_OPTIMIZATION_LEVEL = "-Onone";
				SWIFT_VERSION = 5.0;
			};
			name = Debug;
		};
		D10B9385D57CC41CCAACD0DA /* Debug */ = {
			isa = XCBuildConfiguration;
			buildSettings = {
				ASSETCATALOG_COMPILER_APPICON_NAME = AppIcon;
				CODE_SIGN_IDENTITY = "iPhone Developer";
				INFOPLIST_FILE = DaraeVoice/Info.plist;
				LD_RUNPATH_SEARCH_PATHS = (
					"$(inherited)",
					"@executable_path/Frameworks",
				);
				SDKROOT = iphoneos;
				TARGETED_DEVICE_FAMILY = "1,2";
			};
			name = Debug;
		};
		EABFA7B8D9AC57858C486303 /* Release */ = {
			isa = XCBuildConfiguration;
			buildSettings = {
				ASSETCATALOG_COMPILER_APPICON_NAME = AppIcon;
				CODE_SIGN_IDENTITY = "iPhone Developer";
				INFOPLIST_FILE = DaraeVoice/Info.plist;
				LD_RUNPATH_SEARCH_PATHS = (
					"$(inherited)",
					"@executable_path/Frameworks",
				);
				SDKROOT = iphoneos;
				TARGETED_DEVICE_FAMILY = "1,2";
			};
			name = Release;
		};
/* End XCBuildConfiguration section */

/* Begin XCConfigurationList section */
		807E35BD2BFEC77EDE82E4E7 /* Build configuration list for PBXNativeTarget "DaraeVoice" */ = {
			isa = XCConfigurationList;
			buildConfigurations = (
				D10B9385D57CC41CCAACD0DA /* Debug */,
				EABFA7B8D9AC57858C486303 /* Release */,
			);
			defaultConfigurationIsVisible = 0;
			defaultConfigurationName = Debug;
		};
		BD750B07D779AE3A61DC9D4E /* Build configuration list for PBXProject "DaraeVoice" */ = {
			isa = XCConfigurationList;
			buildConfigurations = (
				74872CC8310744C1B5AEF452 /* Debug */,
				150E059D9BD441175F74C5C7 /* Release */,
			);
			defaultConfigurationIsVisible = 0;
			defaultConfigurationName = Debug;
		};
/* End XCConfigurationList section */
	};
	rootObject = F596F1B2DF8DAB79EAC4FB09 /* Project object */;
}
